
Microsoft Visual Studio Solution File, Format Version 12.00
# Visual Studio Version 17
VisualStudioVersion = 17.13.35931.197 d17.13
MinimumVisualStudioVersion = 10.0.40219.1
Project("{FAE04EC0-301F-11D3-BF4B-00C04F79EFBC}") = "Aula10-14_04_25", "Aula10-14_04_25\Aula10-14_04_25.csproj", "{B9E99AB7-595B-4B09-B64C-8E68A8974020}"
EndProject
Global
	GlobalSection(SolutionConfigurationPlatforms) = preSolution
		Debug|Any CPU = Debug|Any CPU
		Release|Any CPU = Release|Any CPU
	EndGlobalSection
	GlobalSection(ProjectConfigurationPlatforms) = postSolution
		{B9E99AB7-595B-4B09-B64C-8E68A8974020}.Debug|Any CPU.ActiveCfg = Debug|Any CPU
		{B9E99AB7-595B-4B09-B64C-8E68A8974020}.Debug|Any CPU.Build.0 = Debug|Any CPU
		{B9E99AB7-595B-4B09-B64C-8E68A8974020}.Release|Any CPU.ActiveCfg = Release|Any CPU
		{B9E99AB7-595B-4B09-B64C-8E68A8974020}.Release|Any CPU.Build.0 = Release|Any CPU
	EndGlobalSection
	GlobalSection(SolutionProperties) = preSolution
		HideSolutionNode = FALSE
	EndGlobalSection
	GlobalSection(ExtensibilityGlobals) = postSolution
		SolutionGuid = {FDDC31C8-E6B0-4BF8-BBBA-BE6005385DFD}
	EndGlobalSection
EndGlobal
